
Microsoft Visual Studio Solution File, Format Version 12.00
# Visual Studio 15
VisualStudioVersion = 15.0.26124.0
MinimumVisualStudioVersion = 15.0.26124.0
Project("{F2A71F9B-5D33-465A-A702-920D77279786}") = "banking.tests", "banking.tests\banking.tests.fsproj", "{F50020BA-E0C1-494E-A3F8-4D53CF31DB40}"
EndProject
Project("{F2A71F9B-5D33-465A-A702-920D77279786}") = "banking", "banking\banking.fsproj", "{C8971558-4F4F-4E5F-BD2C-431382F784CF}"
EndProject
Global
	GlobalSection(SolutionConfigurationPlatforms) = preSolution
		Debug|Any CPU = Debug|Any CPU
		Debug|x64 = Debug|x64
		Debug|x86 = Debug|x86
		Release|Any CPU = Release|Any CPU
		Release|x64 = Release|x64
		Release|x86 = Release|x86
	EndGlobalSection
	GlobalSection(SolutionProperties) = preSolution
		HideSolutionNode = FALSE
	EndGlobalSection
	GlobalSection(ProjectConfigurationPlatforms) = postSolution
		{F50020BA-E0C1-494E-A3F8-4D53CF31DB40}.Debug|Any CPU.ActiveCfg = Debug|Any CPU
		{F50020BA-E0C1-494E-A3F8-4D53CF31DB40}.Debug|Any CPU.Build.0 = Debug|Any CPU
		{F50020BA-E0C1-494E-A3F8-4D53CF31DB40}.Debug|x64.ActiveCfg = Debug|Any CPU
		{F50020BA-E0C1-494E-A3F8-4D53CF31DB40}.Debug|x64.Build.0 = Debug|Any CPU
		{F50020BA-E0C1-494E-A3F8-4D53CF31DB40}.Debug|x86.ActiveCfg = Debug|Any CPU
		{F50020BA-E0C1-494E-A3F8-4D53CF31DB40}.Debug|x86.Build.0 = Debug|Any CPU
		{F50020BA-E0C1-494E-A3F8-4D53CF31DB40}.Release|Any CPU.ActiveCfg = Release|Any CPU
		{F50020BA-E0C1-494E-A3F8-4D53CF31DB40}.Release|Any CPU.Build.0 = Release|Any CPU
		{F50020BA-E0C1-494E-A3F8-4D53CF31DB40}.Release|x64.ActiveCfg = Release|Any CPU
		{F50020BA-E0C1-494E-A3F8-4D53CF31DB40}.Release|x64.Build.0 = Release|Any CPU
		{F50020BA-E0C1-494E-A3F8-4D53CF31DB40}.Release|x86.ActiveCfg = Release|Any CPU
		{F50020BA-E0C1-494E-A3F8-4D53CF31DB40}.Release|x86.Build.0 = Release|Any CPU
		{C8971558-4F4F-4E5F-BD2C-431382F784CF}.Debug|Any CPU.ActiveCfg = Debug|Any CPU
		{C8971558-4F4F-4E5F-BD2C-431382F784CF}.Debug|Any CPU.Build.0 = Debug|Any CPU
		{C8971558-4F4F-4E5F-BD2C-431382F784CF}.Debug|x64.ActiveCfg = Debug|Any CPU
		{C8971558-4F4F-4E5F-BD2C-431382F784CF}.Debug|x64.Build.0 = Debug|Any CPU
		{C8971558-4F4F-4E5F-BD2C-431382F784CF}.Debug|x86.ActiveCfg = Debug|Any CPU
		{C8971558-4F4F-4E5F-BD2C-431382F784CF}.Debug|x86.Build.0 = Debug|Any CPU
		{C8971558-4F4F-4E5F-BD2C-431382F784CF}.Release|Any CPU.ActiveCfg = Release|Any CPU
		{C8971558-4F4F-4E5F-BD2C-431382F784CF}.Release|Any CPU.Build.0 = Release|Any CPU
		{C8971558-4F4F-4E5F-BD2C-431382F784CF}.Release|x64.ActiveCfg = Release|Any CPU
		{C8971558-4F4F-4E5F-BD2C-431382F784CF}.Release|x64.Build.0 = Release|Any CPU
		{C8971558-4F4F-4E5F-BD2C-431382F784CF}.Release|x86.ActiveCfg = Release|Any CPU
		{C8971558-4F4F-4E5F-BD2C-431382F784CF}.Release|x86.Build.0 = Release|Any CPU
	EndGlobalSection
EndGlobal
